
Microsoft Visual Studio Solution File, Format Version 12.00
# Visual Studio Version 17
VisualStudioVersion = 17.14.36301.6 d17.14
MinimumVisualStudioVersion = 10.0.40219.1
Project("{FAE04EC0-301F-11D3-BF4B-00C04F79EFBC}") = "backend", "backend\backend.csproj", "{902D2DD9-E2CF-4BC8-8446-07A9A0DFD94F}"
EndProject
Global
	GlobalSection(SolutionConfigurationPlatforms) = preSolution
		Debug|Any CPU = Debug|Any CPU
		Release|Any CPU = Release|Any CPU
	EndGlobalSection
	GlobalSection(ProjectConfigurationPlatforms) = postSolution
		{902D2DD9-E2CF-4BC8-8446-07A9A0DFD94F}.Debug|Any CPU.ActiveCfg = Debug|Any CPU
		{902D2DD9-E2CF-4BC8-8446-07A9A0DFD94F}.Debug|Any CPU.Build.0 = Debug|Any CPU
		{902D2DD9-E2CF-4BC8-8446-07A9A0DFD94F}.Release|Any CPU.ActiveCfg = Release|Any CPU
		{902D2DD9-E2CF-4BC8-8446-07A9A0DFD94F}.Release|Any CPU.Build.0 = Release|Any CPU
	EndGlobalSection
	GlobalSection(SolutionProperties) = preSolution
		HideSolutionNode = FALSE
	EndGlobalSection
	GlobalSection(ExtensibilityGlobals) = postSolution
		SolutionGuid = {3BA1AA3C-DA5D-40C1-A1A1-B47099FA4F80}
	EndGlobalSection
EndGlobal
